
Microsoft Visual Studio Solution File, Format Version 12.00
# Visual Studio Version 17
VisualStudioVersion = 17.5.33530.505
MinimumVisualStudioVersion = 10.0.40219.1
Project("{9A19103F-16F7-4668-BE54-9A1E7A4F7556}") = "EmployeeTask.Models", "EmployeeTask.Models\EmployeeTask.Models.csproj", "{A8B415FA-15E1-4003-A5DB-F9DD5231EFE7}"
EndProject
Project("{9A19103F-16F7-4668-BE54-9A1E7A4F7556}") = "EmployeeTask.Services", "EmployeeTask,Services\EmployeeTask.Services.csproj", "{BEC3D022-CF8D-4F55-A90B-BA986906AF83}"
EndProject
Project("{9A19103F-16F7-4668-BE54-9A1E7A4F7556}") = "EmployeeTask.Database", "EmployeeTask.Database\EmployeeTask.Database.csproj", "{74125481-FFFC-4D22-A9BC-E4E3ACC72B74}"
EndProject
Project("{9A19103F-16F7-4668-BE54-9A1E7A4F7556}") = "EmployeeTask.Tests", "EmployeeTask.Tests\EmployeeTask.Tests.csproj", "{2FD39738-D025-49FE-B82C-91DDAF3A107E}"
EndProject
Project("{9A19103F-16F7-4668-BE54-9A1E7A4F7556}") = "EmployeeTask.MVC", "EmployeeTask.MVC\EmployeeTask.MVC.csproj", "{58E8A80A-B842-4F8B-8B1B-505C3E79C614}"
EndProject
Global
	GlobalSection(SolutionConfigurationPlatforms) = preSolution
		Debug|Any CPU = Debug|Any CPU
		Release|Any CPU = Release|Any CPU
	EndGlobalSection
	GlobalSection(ProjectConfigurationPlatforms) = postSolution
		{A8B415FA-15E1-4003-A5DB-F9DD5231EFE7}.Debug|Any CPU.ActiveCfg = Debug|Any CPU
		{A8B415FA-15E1-4003-A5DB-F9DD5231EFE7}.Debug|Any CPU.Build.0 = Debug|Any CPU
		{A8B415FA-15E1-4003-A5DB-F9DD5231EFE7}.Release|Any CPU.ActiveCfg = Release|Any CPU
		{A8B415FA-15E1-4003-A5DB-F9DD5231EFE7}.Release|Any CPU.Build.0 = Release|Any CPU
		{BEC3D022-CF8D-4F55-A90B-BA986906AF83}.Debug|Any CPU.ActiveCfg = Debug|Any CPU
		{BEC3D022-CF8D-4F55-A90B-BA986906AF83}.Debug|Any CPU.Build.0 = Debug|Any CPU
		{BEC3D022-CF8D-4F55-A90B-BA986906AF83}.Release|Any CPU.ActiveCfg = Release|Any CPU
		{BEC3D022-CF8D-4F55-A90B-BA986906AF83}.Release|Any CPU.Build.0 = Release|Any CPU
		{74125481-FFFC-4D22-A9BC-E4E3ACC72B74}.Debug|Any CPU.ActiveCfg = Debug|Any CPU
		{74125481-FFFC-4D22-A9BC-E4E3ACC72B74}.Debug|Any CPU.Build.0 = Debug|Any CPU
		{74125481-FFFC-4D22-A9BC-E4E3ACC72B74}.Release|Any CPU.ActiveCfg = Release|Any CPU
		{74125481-FFFC-4D22-A9BC-E4E3ACC72B74}.Release|Any CPU.Build.0 = Release|Any CPU
		{2FD39738-D025-49FE-B82C-91DDAF3A107E}.Debug|Any CPU.ActiveCfg = Debug|Any CPU
		{2FD39738-D025-49FE-B82C-91DDAF3A107E}.Debug|Any CPU.Build.0 = Debug|Any CPU
		{2FD39738-D025-49FE-B82C-91DDAF3A107E}.Release|Any CPU.ActiveCfg = Release|Any CPU
		{2FD39738-D025-49FE-B82C-91DDAF3A107E}.Release|Any CPU.Build.0 = Release|Any CPU
		{58E8A80A-B842-4F8B-8B1B-505C3E79C614}.Debug|Any CPU.ActiveCfg = Debug|Any CPU
		{58E8A80A-B842-4F8B-8B1B-505C3E79C614}.Debug|Any CPU.Build.0 = Debug|Any CPU
		{58E8A80A-B842-4F8B-8B1B-505C3E79C614}.Release|Any CPU.ActiveCfg = Release|Any CPU
		{58E8A80A-B842-4F8B-8B1B-505C3E79C614}.Release|Any CPU.Build.0 = Release|Any CPU
	EndGlobalSection
	GlobalSection(SolutionProperties) = preSolution
		HideSolutionNode = FALSE
	EndGlobalSection
	GlobalSection(ExtensibilityGlobals) = postSolution
		SolutionGuid = {3E280874-CADF-4D8B-A74C-155B9748AF12}
	EndGlobalSection
EndGlobal
